
Microsoft Visual Studio Solution File, Format Version 12.00
# Visual Studio 15
VisualStudioVersion = 15.0.28010.2036
MinimumVisualStudioVersion = 10.0.40219.1
Project("{FAE04EC0-301F-11D3-BF4B-00C04F79EFBC}") = "OddOneOut", "OddOneOut\OddOneOut.csproj", "{BF772138-FBD5-48B3-97E4-8929D38C2995}"
EndProject
Global
	GlobalSection(SolutionConfigurationPlatforms) = preSolution
		Debug|Any CPU = Debug|Any CPU
		Release|Any CPU = Release|Any CPU
	EndGlobalSection
	GlobalSection(ProjectConfigurationPlatforms) = postSolution
		{BF772138-FBD5-48B3-97E4-8929D38C2995}.Debug|Any CPU.ActiveCfg = Debug|Any CPU
		{BF772138-FBD5-48B3-97E4-8929D38C2995}.Debug|Any CPU.Build.0 = Debug|Any CPU
		{BF772138-FBD5-48B3-97E4-8929D38C2995}.Release|Any CPU.ActiveCfg = Release|Any CPU
		{BF772138-FBD5-48B3-97E4-8929D38C2995}.Release|Any CPU.Build.0 = Release|Any CPU
	EndGlobalSection
	GlobalSection(SolutionProperties) = preSolution
		HideSolutionNode = FALSE
	EndGlobalSection
	GlobalSection(ExtensibilityGlobals) = postSolution
		SolutionGuid = {A0DFE04E-ECD5-43C6-BCA6-B31472F51CC2}
	EndGlobalSection
EndGlobal
